# This file is automatically @generated by Cargo.
# It is not intended for manual editing.
[[package]]
name = "bit-set"
version = "0.5.0"
source = "registry+https://github.com/rust-lang/crates.io-index"
checksum = "6f1efcc46c18245a69c38fcc5cc650f16d3a59d034f3106e9ed63748f695730a"
dependencies = [
 "bit-vec",
]

[[package]]
name = "bit-vec"
version = "0.5.0"
source = "registry+https://github.com/rust-lang/crates.io-index"
checksum = "4440d5cb623bb7390ae27fec0bb6c61111969860f8e3ae198bfa0663645e67cf"

[[package]]
name = "bitflags"
version = "1.0.4"
source = "registry+https://github.com/rust-lang/crates.io-index"
checksum = "228047a76f468627ca71776ecdebd732a3423081fcf5125585bcd7c49886ce12"

[[package]]
name = "byteorder"
version = "1.2.7"
source = "registry+https://github.com/rust-lang/crates.io-index"
checksum = "94f88df23a25417badc922ab0f5716cc1330e87f71ddd9203b3a3ccd9cedf75d"

[[package]]
name = "cfg-if"
version = "0.1.6"
source = "registry+https://github.com/rust-lang/crates.io-index"
checksum = "082bb9b28e00d3c9d39cc03e64ce4cea0f1bb9b3fde493f0cbc008472d22bdf4"

[[package]]
name = "cloudabi"
version = "0.0.3"
source = "registry+https://github.com/rust-lang/crates.io-index"
checksum = "ddfc5b9aa5d4507acaf872de71051dfd0e309860e88966e1051e462a077aac4f"
dependencies = [
 "bitflags",
]

[[package]]
name = "either"
version = "1.5.0"
source = "registry+https://github.com/rust-lang/crates.io-index"
checksum = "3be565ca5c557d7f59e7cfcf1844f9e3033650c929c6566f511e8005f205c1d0"

[[package]]
name = "fnv"
version = "1.0.6"
source = "registry+https://github.com/rust-lang/crates.io-index"
checksum = "2fad85553e09a6f881f739c29f0b00b0f01357c743266d478b68951ce23285f3"

[[package]]
name = "fuchsia-zircon"
version = "0.3.3"
source = "registry+https://github.com/rust-lang/crates.io-index"
checksum = "2e9763c69ebaae630ba35f74888db465e49e259ba1bc0eda7d06f4a067615d82"
dependencies = [
 "bitflags",
 "fuchsia-zircon-sys",
]

[[package]]
name = "fuchsia-zircon-sys"
version = "0.3.3"
source = "registry+https://github.com/rust-lang/crates.io-index"
checksum = "3dcaa9ae7725d12cdb85b3ad99a434db70b468c09ded17e012d86b5c1010f7a7"

[[package]]
name = "itertools"
version = "0.8.0"
source = "registry+https://github.com/rust-lang/crates.io-index"
checksum = "5b8467d9c1cebe26feb08c640139247fac215782d35371ade9a2136ed6085358"
dependencies = [
 "either",
]

[[package]]
name = "lazy_static"
version = "1.1.0"
source = "registry+https://github.com/rust-lang/crates.io-index"
checksum = "ca488b89a5657b0a2ecd45b95609b3e848cf1755da332a0da46e2b2b1cb371a7"
dependencies = [
 "version_check",
]

[[package]]
name = "libc"
version = "0.2.43"
source = "registry+https://github.com/rust-lang/crates.io-index"
checksum = "76e3a3ef172f1a0b9a9ff0dd1491ae5e6c948b94479a3021819ba7d860c8645d"

[[package]]
name = "num-derive"
version = "0.3.3"
source = "registry+https://github.com/rust-lang/crates.io-index"
checksum = "876a53fff98e03a936a674b29568b0e605f06b29372c2489ff4de23f1949743d"
dependencies = [
 "proc-macro2",
 "quote",
 "syn",
]

[[package]]
name = "num-traits"
version = "0.2.6"
source = "registry+https://github.com/rust-lang/crates.io-index"
checksum = "0b3a5d7cc97d6d30d8b9bc8fa19bf45349ffe46241e8816f50f62f6d6aaabee1"

[[package]]
name = "proc-macro2"
version = "1.0.24"
source = "registry+https://github.com/rust-lang/crates.io-index"
checksum = "1e0704ee1a7e00d7bb417d0770ea303c1bccbabf0ef1667dae92b5967f5f8a71"
dependencies = [
 "unicode-xid",
]

[[package]]
name = "proptest"
version = "0.8.7"
source = "registry+https://github.com/rust-lang/crates.io-index"
checksum = "926d0604475349f463fe44130aae73f2294b5309ab2ca0310b998bd334ef191f"
dependencies = [
 "bit-set",
 "bitflags",
 "byteorder",
 "lazy_static",
 "num-traits",
 "quick-error",
 "rand",
 "regex-syntax",
 "rusty-fork",
 "tempfile",
]

[[package]]
name = "quick-error"
version = "1.2.2"
source = "registry+https://github.com/rust-lang/crates.io-index"
checksum = "9274b940887ce9addde99c4eee6b5c44cc494b182b97e73dc8ffdcb3397fd3f0"

[[package]]
name = "quote"
version = "1.0.7"
source = "registry+https://github.com/rust-lang/crates.io-index"
checksum = "aa563d17ecb180e500da1cfd2b028310ac758de548efdd203e18f283af693f37"
dependencies = [
 "proc-macro2",
]

[[package]]
name = "rand"
version = "0.5.5"
source = "registry+https://github.com/rust-lang/crates.io-index"
checksum = "e464cd887e869cddcae8792a4ee31d23c7edd516700695608f5b98c67ee0131c"
dependencies = [
 "cloudabi",
 "fuchsia-zircon",
 "libc",
 "rand_core 0.2.2",
 "winapi",
]

[[package]]
name = "rand_core"
version = "0.2.2"
source = "registry+https://github.com/rust-lang/crates.io-index"
checksum = "1961a422c4d189dfb50ffa9320bf1f2a9bd54ecb92792fb9477f99a1045f3372"
dependencies = [
 "rand_core 0.3.0",
]

[[package]]
name = "rand_core"
version = "0.3.0"
source = "registry+https://github.com/rust-lang/crates.io-index"
checksum = "0905b6b7079ec73b314d4c748701f6931eb79fd97c668caa3f1899b22b32c6db"

[[package]]
name = "redox_syscall"
version = "0.1.40"
source = "registry+https://github.com/rust-lang/crates.io-index"
checksum = "c214e91d3ecf43e9a4e41e578973adeb14b474f2bee858742d127af75a0112b1"

[[package]]
name = "regex-syntax"
version = "0.6.2"
source = "registry+https://github.com/rust-lang/crates.io-index"
checksum = "747ba3b235651f6e2f67dfa8bcdcd073ddb7c243cb21c442fc12395dfcac212d"
dependencies = [
 "ucd-util",
]

[[package]]
name = "remove_dir_all"
version = "0.5.1"
source = "registry+https://github.com/rust-lang/crates.io-index"
checksum = "3488ba1b9a2084d38645c4c08276a1752dcbf2c7130d74f1569681ad5d2799c5"
dependencies = [
 "winapi",
]

[[package]]
name = "rulox"
version = "0.1.0"
dependencies = [
 "fnv",
 "itertools",
 "num-derive",
 "num-traits",
 "proptest",
]

[[package]]
name = "rusty-fork"
version = "0.2.1"
source = "registry+https://github.com/rust-lang/crates.io-index"
checksum = "9591f190d2852720b679c21f66ad929f9f1d7bb09d1193c26167586029d8489c"
dependencies = [
 "fnv",
 "quick-error",
 "tempfile",
 "wait-timeout",
]

[[package]]
name = "syn"
version = "1.0.53"
source = "registry+https://github.com/rust-lang/crates.io-index"
checksum = "8833e20724c24de12bbaba5ad230ea61c3eafb05b881c7c9d3cfe8638b187e68"
dependencies = [
 "proc-macro2",
 "quote",
 "unicode-xid",
]

[[package]]
name = "tempfile"
version = "3.0.4"
source = "registry+https://github.com/rust-lang/crates.io-index"
checksum = "55c1195ef8513f3273d55ff59fe5da6940287a0d7a98331254397f464833675b"
dependencies = [
 "cfg-if",
 "libc",
 "rand",
 "redox_syscall",
 "remove_dir_all",
 "winapi",
]

[[package]]
name = "ucd-util"
version = "0.1.1"
source = "registry+https://github.com/rust-lang/crates.io-index"
checksum = "fd2be2d6639d0f8fe6cdda291ad456e23629558d466e2789d2c3e9892bda285d"

[[package]]
name = "unicode-xid"
version = "0.2.1"
source = "registry+https://github.com/rust-lang/crates.io-index"
checksum = "f7fe0bb3479651439c9112f72b6c505038574c9fbb575ed1bf3b797fa39dd564"

[[package]]
name = "version_check"
version = "0.1.5"
source = "registry+https://github.com/rust-lang/crates.io-index"
checksum = "914b1a6776c4c929a602fafd8bc742e06365d4bcbe48c30f9cca5824f70dc9dd"

[[package]]
name = "wait-timeout"
version = "0.1.5"
source = "registry+https://github.com/rust-lang/crates.io-index"
checksum = "b9f3bf741a801531993db6478b95682117471f76916f5e690dd8d45395b09349"
dependencies = [
 "libc",
]

[[package]]
name = "winapi"
version = "0.3.6"
source = "registry+https://github.com/rust-lang/crates.io-index"
checksum = "92c1eb33641e276cfa214a0522acad57be5c56b10cb348b3c5117db75f3ac4b0"
dependencies = [
 "winapi-i686-pc-windows-gnu",
 "winapi-x86_64-pc-windows-gnu",
]

[[package]]
name = "winapi-i686-pc-windows-gnu"
version = "0.4.0"
source = "registry+https://github.com/rust-lang/crates.io-index"
checksum = "ac3b87c63620426dd9b991e5ce0329eff545bccbbb34f3be09ff6fb6ab51b7b6"

[[package]]
name = "winapi-x86_64-pc-windows-gnu"
version = "0.4.0"
source = "registry+https://github.com/rust-lang/crates.io-index"
checksum = "712e227841d057c1ee1cd2fb22fa7e5a5461ae8e48fa2ca79ec42cfc1931183f"
